
Microsoft Visual Studio Solution File, Format Version 12.00
# Visual Studio Version 17
VisualStudioVersion = 17.14.36717.8 d17.14
MinimumVisualStudioVersion = 10.0.40219.1
Project("{FAE04EC0-301F-11D3-BF4B-00C04F79EFBC}") = "SequentialSearch", "SequentialSearch\SequentialSearch.csproj", "{8746263F-34EF-451C-870B-3E3E7DA10030}"
EndProject
Project("{FAE04EC0-301F-11D3-BF4B-00C04F79EFBC}") = "BinarySearch", "BinarySearch\BinarySearch.csproj", "{AA830344-C797-4DB4-AEFB-90AF088109E8}"
EndProject
Global
	GlobalSection(SolutionConfigurationPlatforms) = preSolution
		Debug|Any CPU = Debug|Any CPU
		Release|Any CPU = Release|Any CPU
	EndGlobalSection
	GlobalSection(ProjectConfigurationPlatforms) = postSolution
		{8746263F-34EF-451C-870B-3E3E7DA10030}.Debug|Any CPU.ActiveCfg = Debug|Any CPU
		{8746263F-34EF-451C-870B-3E3E7DA10030}.Debug|Any CPU.Build.0 = Debug|Any CPU
		{8746263F-34EF-451C-870B-3E3E7DA10030}.Release|Any CPU.ActiveCfg = Release|Any CPU
		{8746263F-34EF-451C-870B-3E3E7DA10030}.Release|Any CPU.Build.0 = Release|Any CPU
		{AA830344-C797-4DB4-AEFB-90AF088109E8}.Debug|Any CPU.ActiveCfg = Debug|Any CPU
		{AA830344-C797-4DB4-AEFB-90AF088109E8}.Debug|Any CPU.Build.0 = Debug|Any CPU
		{AA830344-C797-4DB4-AEFB-90AF088109E8}.Release|Any CPU.ActiveCfg = Release|Any CPU
		{AA830344-C797-4DB4-AEFB-90AF088109E8}.Release|Any CPU.Build.0 = Release|Any CPU
	EndGlobalSection
	GlobalSection(SolutionProperties) = preSolution
		HideSolutionNode = FALSE
	EndGlobalSection
	GlobalSection(ExtensibilityGlobals) = postSolution
		SolutionGuid = {68D095DD-25D0-474E-9C26-1D9A29672606}
	EndGlobalSection
EndGlobal
