
Microsoft Visual Studio Solution File, Format Version 12.00
# Visual Studio Version 17
VisualStudioVersion = 17.14.36717.8
MinimumVisualStudioVersion = 10.0.40219.1
Project("{FAE04EC0-301F-11D3-BF4B-00C04F79EFBC}") = "ArrayListTest", "ArrayList\ArrayListTest.csproj", "{C4A98F95-E8FF-45DE-8A1E-A8402DBA43E1}"
EndProject
Project("{FAE04EC0-301F-11D3-BF4B-00C04F79EFBC}") = "ReverseString", "ReverseString\ReverseString.csproj", "{19CF1835-F0E1-44D3-8219-1A4A723F8B5D}"
EndProject
Project("{FAE04EC0-301F-11D3-BF4B-00C04F79EFBC}") = "DataStructureLib", "DataStructureLib\DataStructureLib.csproj", "{3EB826D2-0BE5-4057-A541-91360DD50980}"
EndProject
Project("{FAE04EC0-301F-11D3-BF4B-00C04F79EFBC}") = "TestUsingLib", "TestUsingLib\TestUsingLib.csproj", "{2545262D-B99B-481A-A85E-06E2C6D65022}"
EndProject
Project("{FAE04EC0-301F-11D3-BF4B-00C04F79EFBC}") = "InfixToPostfix", "InfixToPostfix\InfixToPostfix.csproj", "{659961EA-E3EE-45DA-BC8A-4CAB5CE78A78}"
EndProject
Global
	GlobalSection(SolutionConfigurationPlatforms) = preSolution
		Debug|Any CPU = Debug|Any CPU
		Release|Any CPU = Release|Any CPU
	EndGlobalSection
	GlobalSection(ProjectConfigurationPlatforms) = postSolution
		{C4A98F95-E8FF-45DE-8A1E-A8402DBA43E1}.Debug|Any CPU.ActiveCfg = Debug|Any CPU
		{C4A98F95-E8FF-45DE-8A1E-A8402DBA43E1}.Debug|Any CPU.Build.0 = Debug|Any CPU
		{C4A98F95-E8FF-45DE-8A1E-A8402DBA43E1}.Release|Any CPU.ActiveCfg = Release|Any CPU
		{C4A98F95-E8FF-45DE-8A1E-A8402DBA43E1}.Release|Any CPU.Build.0 = Release|Any CPU
		{19CF1835-F0E1-44D3-8219-1A4A723F8B5D}.Debug|Any CPU.ActiveCfg = Debug|Any CPU
		{19CF1835-F0E1-44D3-8219-1A4A723F8B5D}.Debug|Any CPU.Build.0 = Debug|Any CPU
		{19CF1835-F0E1-44D3-8219-1A4A723F8B5D}.Release|Any CPU.ActiveCfg = Release|Any CPU
		{19CF1835-F0E1-44D3-8219-1A4A723F8B5D}.Release|Any CPU.Build.0 = Release|Any CPU
		{3EB826D2-0BE5-4057-A541-91360DD50980}.Debug|Any CPU.ActiveCfg = Debug|Any CPU
		{3EB826D2-0BE5-4057-A541-91360DD50980}.Debug|Any CPU.Build.0 = Debug|Any CPU
		{3EB826D2-0BE5-4057-A541-91360DD50980}.Release|Any CPU.ActiveCfg = Release|Any CPU
		{3EB826D2-0BE5-4057-A541-91360DD50980}.Release|Any CPU.Build.0 = Release|Any CPU
		{2545262D-B99B-481A-A85E-06E2C6D65022}.Debug|Any CPU.ActiveCfg = Debug|Any CPU
		{2545262D-B99B-481A-A85E-06E2C6D65022}.Debug|Any CPU.Build.0 = Debug|Any CPU
		{2545262D-B99B-481A-A85E-06E2C6D65022}.Release|Any CPU.ActiveCfg = Release|Any CPU
		{2545262D-B99B-481A-A85E-06E2C6D65022}.Release|Any CPU.Build.0 = Release|Any CPU
		{659961EA-E3EE-45DA-BC8A-4CAB5CE78A78}.Debug|Any CPU.ActiveCfg = Debug|Any CPU
		{659961EA-E3EE-45DA-BC8A-4CAB5CE78A78}.Debug|Any CPU.Build.0 = Debug|Any CPU
		{659961EA-E3EE-45DA-BC8A-4CAB5CE78A78}.Release|Any CPU.ActiveCfg = Release|Any CPU
		{659961EA-E3EE-45DA-BC8A-4CAB5CE78A78}.Release|Any CPU.Build.0 = Release|Any CPU
	EndGlobalSection
	GlobalSection(SolutionProperties) = preSolution
		HideSolutionNode = FALSE
	EndGlobalSection
	GlobalSection(ExtensibilityGlobals) = postSolution
		SolutionGuid = {AC2F479F-9966-48AA-BFEF-3D352114863D}
	EndGlobalSection
EndGlobal
